{
  "object": {
    "pins": [
      {
        "package": "CollectiveSwift",
        "repositoryURL": "https://github.com/gpape/CollectiveSwift.git",
        "state": {
          "branch": null,
          "revision": "3b3da238b06c5fa00c0fb53a2b670299987fe125",
          "version": "2.1.0"
        }
      },
      {
        "package": "RxSwift",
        "repositoryURL": "https://github.com/ReactiveX/RxSwift.git",
        "state": {
          "branch": null,
          "revision": "b3e888b4972d9bc76495dd74d30a8c7fad4b9395",
          "version": "5.0.1"
        }
      }
    ]
  },
  "version": 1
}
