// !$*UTF8*$!
{
	archiveVersion = 1;
	classes = {
	};
	objectVersion = 52;
	objects = {

/* Begin PBXBuildFile section */
		20112EE5255E2FB6004992F3 /* CollectiveBindingsViewController.swift in Sources */ = {isa = PBXBuildFile; fileRef = 20112EE4255E2FB6004992F3 /* CollectiveBindingsViewController.swift */; };
		20112EEA255E301D004992F3 /* CollectiveBindings.storyboard in Resources */ = {isa = PBXBuildFile; fileRef = 20112EE9255E301D004992F3 /* CollectiveBindings.storyboard */; };
		208EADFA25602CF9000A28D4 /* SimpleSubscription.swift in Sources */ = {isa = PBXBuildFile; fileRef = 208EADF925602CF9000A28D4 /* SimpleSubscription.swift */; };
		208EADFF25602D4C000A28D4 /* Collective.swift in Sources */ = {isa = PBXBuildFile; fileRef = 208EADFE25602D4C000A28D4 /* Collective.swift */; };
		20B283272557803200AA4E93 /* AppDelegate.swift in Sources */ = {isa = PBXBuildFile; fileRef = 20B283262557803200AA4E93 /* AppDelegate.swift */; };
		20B283292557803200AA4E93 /* SceneDelegate.swift in Sources */ = {isa = PBXBuildFile; fileRef = 20B283282557803200AA4E93 /* SceneDelegate.swift */; };
		20B283302557803300AA4E93 /* Assets.xcassets in Resources */ = {isa = PBXBuildFile; fileRef = 20B2832F2557803300AA4E93 /* Assets.xcassets */; };
		20B283332557803300AA4E93 /* LaunchScreen.storyboard in Resources */ = {isa = PBXBuildFile; fileRef = 20B283312557803300AA4E93 /* LaunchScreen.storyboard */; };
		20B2833E2557803300AA4E93 /* iOS_ExampleTests.swift in Sources */ = {isa = PBXBuildFile; fileRef = 20B2833D2557803300AA4E93 /* iOS_ExampleTests.swift */; };
		20B283492557803300AA4E93 /* iOS_ExampleUITests.swift in Sources */ = {isa = PBXBuildFile; fileRef = 20B283482557803300AA4E93 /* iOS_ExampleUITests.swift */; };
		20B28360255787AD00AA4E93 /* MainViewController.swift in Sources */ = {isa = PBXBuildFile; fileRef = 20B2835E255787AD00AA4E93 /* MainViewController.swift */; };
		20B28361255787AD00AA4E93 /* Main.storyboard in Resources */ = {isa = PBXBuildFile; fileRef = 20B2835F255787AD00AA4E93 /* Main.storyboard */; };
		20B28368255787B800AA4E93 /* RxConveniences.swift in Sources */ = {isa = PBXBuildFile; fileRef = 20B28367255787B800AA4E93 /* RxConveniences.swift */; };
		20B28370255787FE00AA4E93 /* MainViewModel.swift in Sources */ = {isa = PBXBuildFile; fileRef = 20B2836F255787FE00AA4E93 /* MainViewModel.swift */; };
		20B28379255788B300AA4E93 /* CollectiveSwift in Frameworks */ = {isa = PBXBuildFile; productRef = 20B28378255788B300AA4E93 /* CollectiveSwift */; };
		20B2837F2557893100AA4E93 /* RxSwift in Frameworks */ = {isa = PBXBuildFile; productRef = 20B2837E2557893100AA4E93 /* RxSwift */; };
		20B283832557893100AA4E93 /* RxRelay in Frameworks */ = {isa = PBXBuildFile; productRef = 20B283822557893100AA4E93 /* RxRelay */; };
		20B283852557893100AA4E93 /* RxCocoa in Frameworks */ = {isa = PBXBuildFile; productRef = 20B283842557893100AA4E93 /* RxCocoa */; };
		20B2839B2558202000AA4E93 /* MainDataSource.swift in Sources */ = {isa = PBXBuildFile; fileRef = 20B2839A2558202000AA4E93 /* MainDataSource.swift */; };
		20B283A42558280D00AA4E93 /* MainDemoCell.swift in Sources */ = {isa = PBXBuildFile; fileRef = 20B283A22558280D00AA4E93 /* MainDemoCell.swift */; };
		20B283A52558280D00AA4E93 /* MainDemoCell.xib in Resources */ = {isa = PBXBuildFile; fileRef = 20B283A32558280D00AA4E93 /* MainDemoCell.xib */; };
		20D0D105256746FF0001BE5E /* PropertyWrappers.swift in Sources */ = {isa = PBXBuildFile; fileRef = 20D0D104256746FF0001BE5E /* PropertyWrappers.swift */; };
		20D0D10E256761450001BE5E /* UIView+RxConveniences.swift in Sources */ = {isa = PBXBuildFile; fileRef = 20D0D10D256761450001BE5E /* UIView+RxConveniences.swift */; };
		20D0D1162567651F0001BE5E /* VariadicSubscription.swift in Sources */ = {isa = PBXBuildFile; fileRef = 20D0D1152567651F0001BE5E /* VariadicSubscription.swift */; };
		20D0D121256767450001BE5E /* UIActivityIndicatorView+RxConveniences.swift in Sources */ = {isa = PBXBuildFile; fileRef = 20D0D120256767450001BE5E /* UIActivityIndicatorView+RxConveniences.swift */; };
		20D0D12C256770270001BE5E /* BooleanOperators.swift in Sources */ = {isa = PBXBuildFile; fileRef = 20D0D12B256770270001BE5E /* BooleanOperators.swift */; };
		20EE67962567F36000D54468 /* DisplayColor.swift in Sources */ = {isa = PBXBuildFile; fileRef = 20EE67952567F36000D54468 /* DisplayColor.swift */; };
/* End PBXBuildFile section */

/* Begin PBXContainerItemProxy section */
		20B2833A2557803300AA4E93 /* PBXContainerItemProxy */ = {
			isa = PBXContainerItemProxy;
			containerPortal = 20B2831B2557803200AA4E93 /* Project object */;
			proxyType = 1;
			remoteGlobalIDString = 20B283222557803200AA4E93;
			remoteInfo = "iOS Example";
		};
		20B283452557803300AA4E93 /* PBXContainerItemProxy */ = {
			isa = PBXContainerItemProxy;
			containerPortal = 20B2831B2557803200AA4E93 /* Project object */;
			proxyType = 1;
			remoteGlobalIDString = 20B283222557803200AA4E93;
			remoteInfo = "iOS Example";
		};
/* End PBXContainerItemProxy section */

/* Begin PBXFileReference section */
		20112EE4255E2FB6004992F3 /* CollectiveBindingsViewController.swift */ = {isa = PBXFileReference; lastKnownFileType = sourcecode.swift; path = CollectiveBindingsViewController.swift; sourceTree = "<group>"; };
		20112EE9255E301D004992F3 /* CollectiveBindings.storyboard */ = {isa = PBXFileReference; lastKnownFileType = file.storyboard; path = CollectiveBindings.storyboard; sourceTree = "<group>"; };
		208EADF925602CF9000A28D4 /* SimpleSubscription.swift */ = {isa = PBXFileReference; lastKnownFileType = sourcecode.swift; path = SimpleSubscription.swift; sourceTree = "<group>"; };
		208EADFE25602D4C000A28D4 /* Collective.swift */ = {isa = PBXFileReference; lastKnownFileType = sourcecode.swift; path = Collective.swift; sourceTree = "<group>"; };
		20B283232557803200AA4E93 /* iOS Example.app */ = {isa = PBXFileReference; explicitFileType = wrapper.application; includeInIndex = 0; path = "iOS Example.app"; sourceTree = BUILT_PRODUCTS_DIR; };
		20B283262557803200AA4E93 /* AppDelegate.swift */ = {isa = PBXFileReference; lastKnownFileType = sourcecode.swift; path = AppDelegate.swift; sourceTree = "<group>"; };
		20B283282557803200AA4E93 /* SceneDelegate.swift */ = {isa = PBXFileReference; lastKnownFileType = sourcecode.swift; path = SceneDelegate.swift; sourceTree = "<group>"; };
		20B2832F2557803300AA4E93 /* Assets.xcassets */ = {isa = PBXFileReference; lastKnownFileType = folder.assetcatalog; path = Assets.xcassets; sourceTree = "<group>"; };
		20B283322557803300AA4E93 /* Base */ = {isa = PBXFileReference; lastKnownFileType = file.storyboard; name = Base; path = Base.lproj/LaunchScreen.storyboard; sourceTree = "<group>"; };
		20B283342557803300AA4E93 /* Info.plist */ = {isa = PBXFileReference; lastKnownFileType = text.plist.xml; path = Info.plist; sourceTree = "<group>"; };
		20B283392557803300AA4E93 /* iOS ExampleTests.xctest */ = {isa = PBXFileReference; explicitFileType = wrapper.cfbundle; includeInIndex = 0; path = "iOS ExampleTests.xctest"; sourceTree = BUILT_PRODUCTS_DIR; };
		20B2833D2557803300AA4E93 /* iOS_ExampleTests.swift */ = {isa = PBXFileReference; lastKnownFileType = sourcecode.swift; path = iOS_ExampleTests.swift; sourceTree = "<group>"; };
		20B2833F2557803300AA4E93 /* Info.plist */ = {isa = PBXFileReference; lastKnownFileType = text.plist.xml; path = Info.plist; sourceTree = "<group>"; };
		20B283442557803300AA4E93 /* iOS ExampleUITests.xctest */ = {isa = PBXFileReference; explicitFileType = wrapper.cfbundle; includeInIndex = 0; path = "iOS ExampleUITests.xctest"; sourceTree = BUILT_PRODUCTS_DIR; };
		20B283482557803300AA4E93 /* iOS_ExampleUITests.swift */ = {isa = PBXFileReference; lastKnownFileType = sourcecode.swift; path = iOS_ExampleUITests.swift; sourceTree = "<group>"; };
		20B2834A2557803300AA4E93 /* Info.plist */ = {isa = PBXFileReference; lastKnownFileType = text.plist.xml; path = Info.plist; sourceTree = "<group>"; };
		20B2835E255787AD00AA4E93 /* MainViewController.swift */ = {isa = PBXFileReference; fileEncoding = 4; lastKnownFileType = sourcecode.swift; path = MainViewController.swift; sourceTree = "<group>"; };
		20B2835F255787AD00AA4E93 /* Main.storyboard */ = {isa = PBXFileReference; fileEncoding = 4; lastKnownFileType = file.storyboard; path = Main.storyboard; sourceTree = "<group>"; };
		20B28367255787B800AA4E93 /* RxConveniences.swift */ = {isa = PBXFileReference; fileEncoding = 4; lastKnownFileType = sourcecode.swift; path = RxConveniences.swift; sourceTree = "<group>"; };
		20B2836F255787FE00AA4E93 /* MainViewModel.swift */ = {isa = PBXFileReference; lastKnownFileType = sourcecode.swift; path = MainViewModel.swift; sourceTree = "<group>"; };
		20B2839A2558202000AA4E93 /* MainDataSource.swift */ = {isa = PBXFileReference; lastKnownFileType = sourcecode.swift; path = MainDataSource.swift; sourceTree = "<group>"; };
		20B283A22558280D00AA4E93 /* MainDemoCell.swift */ = {isa = PBXFileReference; lastKnownFileType = sourcecode.swift; path = MainDemoCell.swift; sourceTree = "<group>"; };
		20B283A32558280D00AA4E93 /* MainDemoCell.xib */ = {isa = PBXFileReference; lastKnownFileType = file.xib; path = MainDemoCell.xib; sourceTree = "<group>"; };
		20D0D104256746FF0001BE5E /* PropertyWrappers.swift */ = {isa = PBXFileReference; lastKnownFileType = sourcecode.swift; path = PropertyWrappers.swift; sourceTree = "<group>"; };
		20D0D10D256761450001BE5E /* UIView+RxConveniences.swift */ = {isa = PBXFileReference; lastKnownFileType = sourcecode.swift; path = "UIView+RxConveniences.swift"; sourceTree = "<group>"; };
		20D0D1152567651F0001BE5E /* VariadicSubscription.swift */ = {isa = PBXFileReference; lastKnownFileType = sourcecode.swift; path = VariadicSubscription.swift; sourceTree = "<group>"; };
		20D0D120256767450001BE5E /* UIActivityIndicatorView+RxConveniences.swift */ = {isa = PBXFileReference; lastKnownFileType = sourcecode.swift; path = "UIActivityIndicatorView+RxConveniences.swift"; sourceTree = "<group>"; };
		20D0D12B256770270001BE5E /* BooleanOperators.swift */ = {isa = PBXFileReference; lastKnownFileType = sourcecode.swift; path = BooleanOperators.swift; sourceTree = "<group>"; };
		20EE67952567F36000D54468 /* DisplayColor.swift */ = {isa = PBXFileReference; lastKnownFileType = sourcecode.swift; path = DisplayColor.swift; sourceTree = "<group>"; };
/* End PBXFileReference section */

/* Begin PBXFrameworksBuildPhase section */
		20B283202557803200AA4E93 /* Frameworks */ = {
			isa = PBXFrameworksBuildPhase;
			buildActionMask = 2147483647;
			files = (
				20B2837F2557893100AA4E93 /* RxSwift in Frameworks */,
				20B283852557893100AA4E93 /* RxCocoa in Frameworks */,
				20B283832557893100AA4E93 /* RxRelay in Frameworks */,
				20B28379255788B300AA4E93 /* CollectiveSwift in Frameworks */,
			);
			runOnlyForDeploymentPostprocessing = 0;
		};
		20B283362557803300AA4E93 /* Frameworks */ = {
			isa = PBXFrameworksBuildPhase;
			buildActionMask = 2147483647;
			files = (
			);
			runOnlyForDeploymentPostprocessing = 0;
		};
		20B283412557803300AA4E93 /* Frameworks */ = {
			isa = PBXFrameworksBuildPhase;
			buildActionMask = 2147483647;
			files = (
			);
			runOnlyForDeploymentPostprocessing = 0;
		};
/* End PBXFrameworksBuildPhase section */

/* Begin PBXGroup section */
		20112EE3255E2F9C004992F3 /* Collective Bindings */ = {
			isa = PBXGroup;
			children = (
				20112EE9255E301D004992F3 /* CollectiveBindings.storyboard */,
				20112EE4255E2FB6004992F3 /* CollectiveBindingsViewController.swift */,
			);
			path = "Collective Bindings";
			sourceTree = "<group>";
		};
		20B2831A2557803200AA4E93 = {
			isa = PBXGroup;
			children = (
				20B283252557803200AA4E93 /* iOS Example */,
				20B2833C2557803300AA4E93 /* iOS ExampleTests */,
				20B283472557803300AA4E93 /* iOS ExampleUITests */,
				20B283242557803200AA4E93 /* Products */,
			);
			sourceTree = "<group>";
		};
		20B283242557803200AA4E93 /* Products */ = {
			isa = PBXGroup;
			children = (
				20B283232557803200AA4E93 /* iOS Example.app */,
				20B283392557803300AA4E93 /* iOS ExampleTests.xctest */,
				20B283442557803300AA4E93 /* iOS ExampleUITests.xctest */,
			);
			name = Products;
			sourceTree = "<group>";
		};
		20B283252557803200AA4E93 /* iOS Example */ = {
			isa = PBXGroup;
			children = (
				20B28365255787B800AA4E93 /* Sources */,
				20B2835C255787AD00AA4E93 /* View Controllers */,
				20B283262557803200AA4E93 /* AppDelegate.swift */,
				20B283282557803200AA4E93 /* SceneDelegate.swift */,
				20B2832F2557803300AA4E93 /* Assets.xcassets */,
				20B283312557803300AA4E93 /* LaunchScreen.storyboard */,
				20B283342557803300AA4E93 /* Info.plist */,
			);
			path = "iOS Example";
			sourceTree = "<group>";
		};
		20B2833C2557803300AA4E93 /* iOS ExampleTests */ = {
			isa = PBXGroup;
			children = (
				20B2833D2557803300AA4E93 /* iOS_ExampleTests.swift */,
				20B2833F2557803300AA4E93 /* Info.plist */,
			);
			path = "iOS ExampleTests";
			sourceTree = "<group>";
		};
		20B283472557803300AA4E93 /* iOS ExampleUITests */ = {
			isa = PBXGroup;
			children = (
				20B283482557803300AA4E93 /* iOS_ExampleUITests.swift */,
				20B2834A2557803300AA4E93 /* Info.plist */,
			);
			path = "iOS ExampleUITests";
			sourceTree = "<group>";
		};
		20B2835C255787AD00AA4E93 /* View Controllers */ = {
			isa = PBXGroup;
			children = (
				20112EE3255E2F9C004992F3 /* Collective Bindings */,
				20B2835D255787AD00AA4E93 /* Main */,
			);
			path = "View Controllers";
			sourceTree = "<group>";
		};
		20B2835D255787AD00AA4E93 /* Main */ = {
			isa = PBXGroup;
			children = (
				20B283992558201300AA4E93 /* Collection */,
				20B2835F255787AD00AA4E93 /* Main.storyboard */,
				20B2835E255787AD00AA4E93 /* MainViewController.swift */,
				20B2836F255787FE00AA4E93 /* MainViewModel.swift */,
			);
			path = Main;
			sourceTree = "<group>";
		};
		20B28365255787B800AA4E93 /* Sources */ = {
			isa = PBXGroup;
			children = (
				20B28366255787B800AA4E93 /* RxConveniences */,
			);
			name = Sources;
			path = ../../Sources;
			sourceTree = "<group>";
		};
		20B28366255787B800AA4E93 /* RxConveniences */ = {
			isa = PBXGroup;
			children = (
				20D0D10C256761030001BE5E /* UIKit */,
				20D0D12B256770270001BE5E /* BooleanOperators.swift */,
				208EADFE25602D4C000A28D4 /* Collective.swift */,
				20D0D104256746FF0001BE5E /* PropertyWrappers.swift */,
				20B28367255787B800AA4E93 /* RxConveniences.swift */,
				208EADF925602CF9000A28D4 /* SimpleSubscription.swift */,
				20D0D1152567651F0001BE5E /* VariadicSubscription.swift */,
			);
			path = RxConveniences;
			sourceTree = "<group>";
		};
		20B283992558201300AA4E93 /* Collection */ = {
			isa = PBXGroup;
			children = (
				20B2839A2558202000AA4E93 /* MainDataSource.swift */,
				20B283A32558280D00AA4E93 /* MainDemoCell.xib */,
				20B283A22558280D00AA4E93 /* MainDemoCell.swift */,
			);
			path = Collection;
			sourceTree = "<group>";
		};
		20D0D10C256761030001BE5E /* UIKit */ = {
			isa = PBXGroup;
			children = (
				20EE67952567F36000D54468 /* DisplayColor.swift */,
				20D0D120256767450001BE5E /* UIActivityIndicatorView+RxConveniences.swift */,
				20D0D10D256761450001BE5E /* UIView+RxConveniences.swift */,
			);
			path = UIKit;
			sourceTree = "<group>";
		};
/* End PBXGroup section */

/* Begin PBXNativeTarget section */
		20B283222557803200AA4E93 /* iOS Example */ = {
			isa = PBXNativeTarget;
			buildConfigurationList = 20B2834D2557803300AA4E93 /* Build configuration list for PBXNativeTarget "iOS Example" */;
			buildPhases = (
				20B2831F2557803200AA4E93 /* Sources */,
				20B283202557803200AA4E93 /* Frameworks */,
				20B283212557803200AA4E93 /* Resources */,
			);
			buildRules = (
			);
			dependencies = (
			);
			name = "iOS Example";
			packageProductDependencies = (
				20B28378255788B300AA4E93 /* CollectiveSwift */,
				20B2837E2557893100AA4E93 /* RxSwift */,
				20B283822557893100AA4E93 /* RxRelay */,
				20B283842557893100AA4E93 /* RxCocoa */,
			);
			productName = "iOS Example";
			productReference = 20B283232557803200AA4E93 /* iOS Example.app */;
			productType = "com.apple.product-type.application";
		};
		20B283382557803300AA4E93 /* iOS ExampleTests */ = {
			isa = PBXNativeTarget;
			buildConfigurationList = 20B283502557803300AA4E93 /* Build configuration list for PBXNativeTarget "iOS ExampleTests" */;
			buildPhases = (
				20B283352557803300AA4E93 /* Sources */,
				20B283362557803300AA4E93 /* Frameworks */,
				20B283372557803300AA4E93 /* Resources */,
			);
			buildRules = (
			);
			dependencies = (
				20B2833B2557803300AA4E93 /* PBXTargetDependency */,
			);
			name = "iOS ExampleTests";
			productName = "iOS ExampleTests";
			productReference = 20B283392557803300AA4E93 /* iOS ExampleTests.xctest */;
			productType = "com.apple.product-type.bundle.unit-test";
		};
		20B283432557803300AA4E93 /* iOS ExampleUITests */ = {
			isa = PBXNativeTarget;
			buildConfigurationList = 20B283532557803300AA4E93 /* Build configuration list for PBXNativeTarget "iOS ExampleUITests" */;
			buildPhases = (
				20B283402557803300AA4E93 /* Sources */,
				20B283412557803300AA4E93 /* Frameworks */,
				20B283422557803300AA4E93 /* Resources */,
			);
			buildRules = (
			);
			dependencies = (
				20B283462557803300AA4E93 /* PBXTargetDependency */,
			);
			name = "iOS ExampleUITests";
			productName = "iOS ExampleUITests";
			productReference = 20B283442557803300AA4E93 /* iOS ExampleUITests.xctest */;
			productType = "com.apple.product-type.bundle.ui-testing";
		};
/* End PBXNativeTarget section */

/* Begin PBXProject section */
		20B2831B2557803200AA4E93 /* Project object */ = {
			isa = PBXProject;
			attributes = {
				LastSwiftUpdateCheck = 1210;
				LastUpgradeCheck = 1210;
				TargetAttributes = {
					20B283222557803200AA4E93 = {
						CreatedOnToolsVersion = 12.1;
					};
					20B283382557803300AA4E93 = {
						CreatedOnToolsVersion = 12.1;
						TestTargetID = 20B283222557803200AA4E93;
					};
					20B283432557803300AA4E93 = {
						CreatedOnToolsVersion = 12.1;
						TestTargetID = 20B283222557803200AA4E93;
					};
				};
			};
			buildConfigurationList = 20B2831E2557803200AA4E93 /* Build configuration list for PBXProject "iOS Example" */;
			compatibilityVersion = "Xcode 9.3";
			developmentRegion = en;
			hasScannedForEncodings = 0;
			knownRegions = (
				en,
				Base,
			);
			mainGroup = 20B2831A2557803200AA4E93;
			packageReferences = (
				20B28377255788B300AA4E93 /* XCRemoteSwiftPackageReference "CollectiveSwift" */,
				20B2837D2557893100AA4E93 /* XCRemoteSwiftPackageReference "RxSwift" */,
			);
			productRefGroup = 20B283242557803200AA4E93 /* Products */;
			projectDirPath = "";
			projectRoot = "";
			targets = (
				20B283222557803200AA4E93 /* iOS Example */,
				20B283382557803300AA4E93 /* iOS ExampleTests */,
				20B283432557803300AA4E93 /* iOS ExampleUITests */,
			);
		};
/* End PBXProject section */

/* Begin PBXResourcesBuildPhase section */
		20B283212557803200AA4E93 /* Resources */ = {
			isa = PBXResourcesBuildPhase;
			buildActionMask = 2147483647;
			files = (
				20112EEA255E301D004992F3 /* CollectiveBindings.storyboard in Resources */,
				20B283A52558280D00AA4E93 /* MainDemoCell.xib in Resources */,
				20B28361255787AD00AA4E93 /* Main.storyboard in Resources */,
				20B283302557803300AA4E93 /* Assets.xcassets in Resources */,
				20B283332557803300AA4E93 /* LaunchScreen.storyboard in Resources */,
			);
			runOnlyForDeploymentPostprocessing = 0;
		};
		20B283372557803300AA4E93 /* Resources */ = {
			isa = PBXResourcesBuildPhase;
			buildActionMask = 2147483647;
			files = (
			);
			runOnlyForDeploymentPostprocessing = 0;
		};
		20B283422557803300AA4E93 /* Resources */ = {
			isa = PBXResourcesBuildPhase;
			buildActionMask = 2147483647;
			files = (
			);
			runOnlyForDeploymentPostprocessing = 0;
		};
/* End PBXResourcesBuildPhase section */

/* Begin PBXSourcesBuildPhase section */
		20B2831F2557803200AA4E93 /* Sources */ = {
			isa = PBXSourcesBuildPhase;
			buildActionMask = 2147483647;
			files = (
				20EE67962567F36000D54468 /* DisplayColor.swift in Sources */,
				20D0D121256767450001BE5E /* UIActivityIndicatorView+RxConveniences.swift in Sources */,
				20D0D10E256761450001BE5E /* UIView+RxConveniences.swift in Sources */,
				20D0D12C256770270001BE5E /* BooleanOperators.swift in Sources */,
				208EADFF25602D4C000A28D4 /* Collective.swift in Sources */,
				20D0D105256746FF0001BE5E /* PropertyWrappers.swift in Sources */,
				20B28368255787B800AA4E93 /* RxConveniences.swift in Sources */,
				208EADFA25602CF9000A28D4 /* SimpleSubscription.swift in Sources */,
				20D0D1162567651F0001BE5E /* VariadicSubscription.swift in Sources */,
				20112EE5255E2FB6004992F3 /* CollectiveBindingsViewController.swift in Sources */,
				20B2839B2558202000AA4E93 /* MainDataSource.swift in Sources */,
				20B283A42558280D00AA4E93 /* MainDemoCell.swift in Sources */,
				20B28360255787AD00AA4E93 /* MainViewController.swift in Sources */,
				20B28370255787FE00AA4E93 /* MainViewModel.swift in Sources */,
				20B283272557803200AA4E93 /* AppDelegate.swift in Sources */,
				20B283292557803200AA4E93 /* SceneDelegate.swift in Sources */,
			);
			runOnlyForDeploymentPostprocessing = 0;
		};
		20B283352557803300AA4E93 /* Sources */ = {
			isa = PBXSourcesBuildPhase;
			buildActionMask = 2147483647;
			files = (
				20B2833E2557803300AA4E93 /* iOS_ExampleTests.swift in Sources */,
			);
			runOnlyForDeploymentPostprocessing = 0;
		};
		20B283402557803300AA4E93 /* Sources */ = {
			isa = PBXSourcesBuildPhase;
			buildActionMask = 2147483647;
			files = (
				20B283492557803300AA4E93 /* iOS_ExampleUITests.swift in Sources */,
			);
			runOnlyForDeploymentPostprocessing = 0;
		};
/* End PBXSourcesBuildPhase section */

/* Begin PBXTargetDependency section */
		20B2833B2557803300AA4E93 /* PBXTargetDependency */ = {
			isa = PBXTargetDependency;
			target = 20B283222557803200AA4E93 /* iOS Example */;
			targetProxy = 20B2833A2557803300AA4E93 /* PBXContainerItemProxy */;
		};
		20B283462557803300AA4E93 /* PBXTargetDependency */ = {
			isa = PBXTargetDependency;
			target = 20B283222557803200AA4E93 /* iOS Example */;
			targetProxy = 20B283452557803300AA4E93 /* PBXContainerItemProxy */;
		};
/* End PBXTargetDependency section */

/* Begin PBXVariantGroup section */
		20B283312557803300AA4E93 /* LaunchScreen.storyboard */ = {
			isa = PBXVariantGroup;
			children = (
				20B283322557803300AA4E93 /* Base */,
			);
			name = LaunchScreen.storyboard;
			sourceTree = "<group>";
		};
/* End PBXVariantGroup section */

/* Begin XCBuildConfiguration section */
		20B2834B2557803300AA4E93 /* Debug */ = {
			isa = XCBuildConfiguration;
			buildSettings = {
				ALWAYS_SEARCH_USER_PATHS = NO;
				CLANG_ANALYZER_NONNULL = YES;
				CLANG_ANALYZER_NUMBER_OBJECT_CONVERSION = YES_AGGRESSIVE;
				CLANG_CXX_LANGUAGE_STANDARD = "gnu++14";
				CLANG_CXX_LIBRARY = "libc++";
				CLANG_ENABLE_MODULES = YES;
				CLANG_ENABLE_OBJC_ARC = YES;
				CLANG_ENABLE_OBJC_WEAK = YES;
				CLANG_WARN_BLOCK_CAPTURE_AUTORELEASING = YES;
				CLANG_WARN_BOOL_CONVERSION = YES;
				CLANG_WARN_COMMA = YES;
				CLANG_WARN_CONSTANT_CONVERSION = YES;
				CLANG_WARN_DEPRECATED_OBJC_IMPLEMENTATIONS = YES;
				CLANG_WARN_DIRECT_OBJC_ISA_USAGE = YES_ERROR;
				CLANG_WARN_DOCUMENTATION_COMMENTS = YES;
				CLANG_WARN_EMPTY_BODY = YES;
				CLANG_WARN_ENUM_CONVERSION = YES;
				CLANG_WARN_INFINITE_RECURSION = YES;
				CLANG_WARN_INT_CONVERSION = YES;
				CLANG_WARN_NON_LITERAL_NULL_CONVERSION = YES;
				CLANG_WARN_OBJC_IMPLICIT_RETAIN_SELF = YES;
				CLANG_WARN_OBJC_LITERAL_CONVERSION = YES;
				CLANG_WARN_OBJC_ROOT_CLASS = YES_ERROR;
				CLANG_WARN_QUOTED_INCLUDE_IN_FRAMEWORK_HEADER = YES;
				CLANG_WARN_RANGE_LOOP_ANALYSIS = YES;
				CLANG_WARN_STRICT_PROTOTYPES = YES;
				CLANG_WARN_SUSPICIOUS_MOVE = YES;
				CLANG_WARN_UNGUARDED_AVAILABILITY = YES_AGGRESSIVE;
				CLANG_WARN_UNREACHABLE_CODE = YES;
				CLANG_WARN__DUPLICATE_METHOD_MATCH = YES;
				COPY_PHASE_STRIP = NO;
				DEBUG_INFORMATION_FORMAT = dwarf;
				ENABLE_STRICT_OBJC_MSGSEND = YES;
				ENABLE_TESTABILITY = YES;
				GCC_C_LANGUAGE_STANDARD = gnu11;
				GCC_DYNAMIC_NO_PIC = NO;
				GCC_NO_COMMON_BLOCKS = YES;
				GCC_OPTIMIZATION_LEVEL = 0;
				GCC_PREPROCESSOR_DEFINITIONS = (
					"DEBUG=1",
					"$(inherited)",
				);
				GCC_WARN_64_TO_32_BIT_CONVERSION = YES;
				GCC_WARN_ABOUT_RETURN_TYPE = YES_ERROR;
				GCC_WARN_UNDECLARED_SELECTOR = YES;
				GCC_WARN_UNINITIALIZED_AUTOS = YES_AGGRESSIVE;
				GCC_WARN_UNUSED_FUNCTION = YES;
				GCC_WARN_UNUSED_VARIABLE = YES;
				IPHONEOS_DEPLOYMENT_TARGET = 14.1;
				MTL_ENABLE_DEBUG_INFO = INCLUDE_SOURCE;
				MTL_FAST_MATH = YES;
				ONLY_ACTIVE_ARCH = YES;
				SDKROOT = iphoneos;
				SWIFT_ACTIVE_COMPILATION_CONDITIONS = DEBUG;
				SWIFT_OPTIMIZATION_LEVEL = "-Onone";
			};
			name = Debug;
		};
		20B2834C2557803300AA4E93 /* Release */ = {
			isa = XCBuildConfiguration;
			buildSettings = {
				ALWAYS_SEARCH_USER_PATHS = NO;
				CLANG_ANALYZER_NONNULL = YES;
				CLANG_ANALYZER_NUMBER_OBJECT_CONVERSION = YES_AGGRESSIVE;
				CLANG_CXX_LANGUAGE_STANDARD = "gnu++14";
				CLANG_CXX_LIBRARY = "libc++";
				CLANG_ENABLE_MODULES = YES;
				CLANG_ENABLE_OBJC_ARC = YES;
				CLANG_ENABLE_OBJC_WEAK = YES;
				CLANG_WARN_BLOCK_CAPTURE_AUTORELEASING = YES;
				CLANG_WARN_BOOL_CONVERSION = YES;
				CLANG_WARN_COMMA = YES;
				CLANG_WARN_CONSTANT_CONVERSION = YES;
				CLANG_WARN_DEPRECATED_OBJC_IMPLEMENTATIONS = YES;
				CLANG_WARN_DIRECT_OBJC_ISA_USAGE = YES_ERROR;
				CLANG_WARN_DOCUMENTATION_COMMENTS = YES;
				CLANG_WARN_EMPTY_BODY = YES;
				CLANG_WARN_ENUM_CONVERSION = YES;
				CLANG_WARN_INFINITE_RECURSION = YES;
				CLANG_WARN_INT_CONVERSION = YES;
				CLANG_WARN_NON_LITERAL_NULL_CONVERSION = YES;
				CLANG_WARN_OBJC_IMPLICIT_RETAIN_SELF = YES;
				CLANG_WARN_OBJC_LITERAL_CONVERSION = YES;
				CLANG_WARN_OBJC_ROOT_CLASS = YES_ERROR;
				CLANG_WARN_QUOTED_INCLUDE_IN_FRAMEWORK_HEADER = YES;
				CLANG_WARN_RANGE_LOOP_ANALYSIS = YES;
				CLANG_WARN_STRICT_PROTOTYPES = YES;
				CLANG_WARN_SUSPICIOUS_MOVE = YES;
				CLANG_WARN_UNGUARDED_AVAILABILITY = YES_AGGRESSIVE;
				CLANG_WARN_UNREACHABLE_CODE = YES;
				CLANG_WARN__DUPLICATE_METHOD_MATCH = YES;
				COPY_PHASE_STRIP = NO;
				DEBUG_INFORMATION_FORMAT = "dwarf-with-dsym";
				ENABLE_NS_ASSERTIONS = NO;
				ENABLE_STRICT_OBJC_MSGSEND = YES;
				GCC_C_LANGUAGE_STANDARD = gnu11;
				GCC_NO_COMMON_BLOCKS = YES;
				GCC_WARN_64_TO_32_BIT_CONVERSION = YES;
				GCC_WARN_ABOUT_RETURN_TYPE = YES_ERROR;
				GCC_WARN_UNDECLARED_SELECTOR = YES;
				GCC_WARN_UNINITIALIZED_AUTOS = YES_AGGRESSIVE;
				GCC_WARN_UNUSED_FUNCTION = YES;
				GCC_WARN_UNUSED_VARIABLE = YES;
				IPHONEOS_DEPLOYMENT_TARGET = 14.1;
				MTL_ENABLE_DEBUG_INFO = NO;
				MTL_FAST_MATH = YES;
				SDKROOT = iphoneos;
				SWIFT_COMPILATION_MODE = wholemodule;
				SWIFT_OPTIMIZATION_LEVEL = "-O";
				VALIDATE_PRODUCT = YES;
			};
			name = Release;
		};
		20B2834E2557803300AA4E93 /* Debug */ = {
			isa = XCBuildConfiguration;
			buildSettings = {
				ASSETCATALOG_COMPILER_APPICON_NAME = AppIcon;
				ASSETCATALOG_COMPILER_GLOBAL_ACCENT_COLOR_NAME = AccentColor;
				CODE_SIGN_STYLE = Automatic;
				INFOPLIST_FILE = "iOS Example/Info.plist";
				LD_RUNPATH_SEARCH_PATHS = (
					"$(inherited)",
					"@executable_path/Frameworks",
				);
				PRODUCT_BUNDLE_IDENTIFIER = "com.gpape.iOS-Example";
				PRODUCT_NAME = "$(TARGET_NAME)";
				SWIFT_VERSION = 5.0;
				TARGETED_DEVICE_FAMILY = "1,2";
			};
			name = Debug;
		};
		20B2834F2557803300AA4E93 /* Release */ = {
			isa = XCBuildConfiguration;
			buildSettings = {
				ASSETCATALOG_COMPILER_APPICON_NAME = AppIcon;
				ASSETCATALOG_COMPILER_GLOBAL_ACCENT_COLOR_NAME = AccentColor;
				CODE_SIGN_STYLE = Automatic;
				INFOPLIST_FILE = "iOS Example/Info.plist";
				LD_RUNPATH_SEARCH_PATHS = (
					"$(inherited)",
					"@executable_path/Frameworks",
				);
				PRODUCT_BUNDLE_IDENTIFIER = "com.gpape.iOS-Example";
				PRODUCT_NAME = "$(TARGET_NAME)";
				SWIFT_VERSION = 5.0;
				TARGETED_DEVICE_FAMILY = "1,2";
			};
			name = Release;
		};
		20B283512557803300AA4E93 /* Debug */ = {
			isa = XCBuildConfiguration;
			buildSettings = {
				ALWAYS_EMBED_SWIFT_STANDARD_LIBRARIES = YES;
				BUNDLE_LOADER = "$(TEST_HOST)";
				CODE_SIGN_STYLE = Automatic;
				INFOPLIST_FILE = "iOS ExampleTests/Info.plist";
				IPHONEOS_DEPLOYMENT_TARGET = 14.1;
				LD_RUNPATH_SEARCH_PATHS = (
					"$(inherited)",
					"@executable_path/Frameworks",
					"@loader_path/Frameworks",
				);
				PRODUCT_BUNDLE_IDENTIFIER = "com.gpape.iOS-ExampleTests";
				PRODUCT_NAME = "$(TARGET_NAME)";
				SWIFT_VERSION = 5.0;
				TARGETED_DEVICE_FAMILY = "1,2";
				TEST_HOST = "$(BUILT_PRODUCTS_DIR)/iOS Example.app/iOS Example";
			};
			name = Debug;
		};
		20B283522557803300AA4E93 /* Release */ = {
			isa = XCBuildConfiguration;
			buildSettings = {
				ALWAYS_EMBED_SWIFT_STANDARD_LIBRARIES = YES;
				BUNDLE_LOADER = "$(TEST_HOST)";
				CODE_SIGN_STYLE = Automatic;
				INFOPLIST_FILE = "iOS ExampleTests/Info.plist";
				IPHONEOS_DEPLOYMENT_TARGET = 14.1;
				LD_RUNPATH_SEARCH_PATHS = (
					"$(inherited)",
					"@executable_path/Frameworks",
					"@loader_path/Frameworks",
				);
				PRODUCT_BUNDLE_IDENTIFIER = "com.gpape.iOS-ExampleTests";
				PRODUCT_NAME = "$(TARGET_NAME)";
				SWIFT_VERSION = 5.0;
				TARGETED_DEVICE_FAMILY = "1,2";
				TEST_HOST = "$(BUILT_PRODUCTS_DIR)/iOS Example.app/iOS Example";
			};
			name = Release;
		};
		20B283542557803300AA4E93 /* Debug */ = {
			isa = XCBuildConfiguration;
			buildSettings = {
				ALWAYS_EMBED_SWIFT_STANDARD_LIBRARIES = YES;
				CODE_SIGN_STYLE = Automatic;
				INFOPLIST_FILE = "iOS ExampleUITests/Info.plist";
				LD_RUNPATH_SEARCH_PATHS = (
					"$(inherited)",
					"@executable_path/Frameworks",
					"@loader_path/Frameworks",
				);
				PRODUCT_BUNDLE_IDENTIFIER = "com.gpape.iOS-ExampleUITests";
				PRODUCT_NAME = "$(TARGET_NAME)";
				SWIFT_VERSION = 5.0;
				TARGETED_DEVICE_FAMILY = "1,2";
				TEST_TARGET_NAME = "iOS Example";
			};
			name = Debug;
		};
		20B283552557803300AA4E93 /* Release */ = {
			isa = XCBuildConfiguration;
			buildSettings = {
				ALWAYS_EMBED_SWIFT_STANDARD_LIBRARIES = YES;
				CODE_SIGN_STYLE = Automatic;
				INFOPLIST_FILE = "iOS ExampleUITests/Info.plist";
				LD_RUNPATH_SEARCH_PATHS = (
					"$(inherited)",
					"@executable_path/Frameworks",
					"@loader_path/Frameworks",
				);
				PRODUCT_BUNDLE_IDENTIFIER = "com.gpape.iOS-ExampleUITests";
				PRODUCT_NAME = "$(TARGET_NAME)";
				SWIFT_VERSION = 5.0;
				TARGETED_DEVICE_FAMILY = "1,2";
				TEST_TARGET_NAME = "iOS Example";
			};
			name = Release;
		};
/* End XCBuildConfiguration section */

/* Begin XCConfigurationList section */
		20B2831E2557803200AA4E93 /* Build configuration list for PBXProject "iOS Example" */ = {
			isa = XCConfigurationList;
			buildConfigurations = (
				20B2834B2557803300AA4E93 /* Debug */,
				20B2834C2557803300AA4E93 /* Release */,
			);
			defaultConfigurationIsVisible = 0;
			defaultConfigurationName = Release;
		};
		20B2834D2557803300AA4E93 /* Build configuration list for PBXNativeTarget "iOS Example" */ = {
			isa = XCConfigurationList;
			buildConfigurations = (
				20B2834E2557803300AA4E93 /* Debug */,
				20B2834F2557803300AA4E93 /* Release */,
			);
			defaultConfigurationIsVisible = 0;
			defaultConfigurationName = Release;
		};
		20B283502557803300AA4E93 /* Build configuration list for PBXNativeTarget "iOS ExampleTests" */ = {
			isa = XCConfigurationList;
			buildConfigurations = (
				20B283512557803300AA4E93 /* Debug */,
				20B283522557803300AA4E93 /* Release */,
			);
			defaultConfigurationIsVisible = 0;
			defaultConfigurationName = Release;
		};
		20B283532557803300AA4E93 /* Build configuration list for PBXNativeTarget "iOS ExampleUITests" */ = {
			isa = XCConfigurationList;
			buildConfigurations = (
				20B283542557803300AA4E93 /* Debug */,
				20B283552557803300AA4E93 /* Release */,
			);
			defaultConfigurationIsVisible = 0;
			defaultConfigurationName = Release;
		};
/* End XCConfigurationList section */

/* Begin XCRemoteSwiftPackageReference section */
		20B28377255788B300AA4E93 /* XCRemoteSwiftPackageReference "CollectiveSwift" */ = {
			isa = XCRemoteSwiftPackageReference;
			repositoryURL = "https://github.com/gpape/CollectiveSwift.git";
			requirement = {
				kind = upToNextMajorVersion;
				minimumVersion = 2.1.0;
			};
		};
		20B2837D2557893100AA4E93 /* XCRemoteSwiftPackageReference "RxSwift" */ = {
			isa = XCRemoteSwiftPackageReference;
			repositoryURL = "https://github.com/ReactiveX/RxSwift.git";
			requirement = {
				kind = upToNextMajorVersion;
				minimumVersion = 5.1.1;
			};
		};
/* End XCRemoteSwiftPackageReference section */

/* Begin XCSwiftPackageProductDependency section */
		20B28378255788B300AA4E93 /* CollectiveSwift */ = {
			isa = XCSwiftPackageProductDependency;
			package = 20B28377255788B300AA4E93 /* XCRemoteSwiftPackageReference "CollectiveSwift" */;
			productName = CollectiveSwift;
		};
		20B2837E2557893100AA4E93 /* RxSwift */ = {
			isa = XCSwiftPackageProductDependency;
			package = 20B2837D2557893100AA4E93 /* XCRemoteSwiftPackageReference "RxSwift" */;
			productName = RxSwift;
		};
		20B283822557893100AA4E93 /* RxRelay */ = {
			isa = XCSwiftPackageProductDependency;
			package = 20B2837D2557893100AA4E93 /* XCRemoteSwiftPackageReference "RxSwift" */;
			productName = RxRelay;
		};
		20B283842557893100AA4E93 /* RxCocoa */ = {
			isa = XCSwiftPackageProductDependency;
			package = 20B2837D2557893100AA4E93 /* XCRemoteSwiftPackageReference "RxSwift" */;
			productName = RxCocoa;
		};
/* End XCSwiftPackageProductDependency section */
	};
	rootObject = 20B2831B2557803200AA4E93 /* Project object */;
}
