PODS:
  - CollectiveSwift (2.1.0)
  - RxCocoa (5.0.0):
    - RxRelay (~> 5)
    - RxSwift (~> 5)
  - RxRelay (5.0.0):
    - RxSwift (~> 5)
  - RxSwift (5.0.0)

DEPENDENCIES:
  - CollectiveSwift (~> 2.1)
  - RxCocoa (~> 5.0)
  - RxRelay (~> 5.0)
  - RxSwift (~> 5.0)

SPEC REPOS:
  https://github.com/cocoapods/specs.git:
    - CollectiveSwift
    - RxCocoa
    - RxRelay
    - RxSwift

SPEC CHECKSUMS:
  CollectiveSwift: 791dca026e041a200d4a4b3d15be55f7f7748bc1
  RxCocoa: fcf32050ac00d801f34a7f71d5e8e7f23026dcd8
  RxRelay: 4f7409406a51a55cd88483f21ed898c234d60f18
  RxSwift: 8b0671caa829a763bbce7271095859121cbd895f

PODFILE CHECKSUM: 3d42e45c23fc28bc1f9a5d0d1239d502b869e346

COCOAPODS: 1.7.5
